// !$*UTF8*$!
{
	archiveVersion = 1;
	classes = {
	};
	objectVersion = 77;
	objects = {

/* Begin PBXContainerItemProxy section */
		3A36EFB42D843C66002C130E /* PBXContainerItemProxy */ = {
			isa = PBXContainerItemProxy;
			containerPortal = 3A36EF9A2D843C65002C130E /* Project object */;
			proxyType = 1;
			remoteGlobalIDString = 3A36EFA12D843C65002C130E;
			remoteInfo = "Code Nest";
		};
		3A36EFBE2D843C66002C130E /* PBXContainerItemProxy */ = {
			isa = PBXContainerItemProxy;
			containerPortal = 3A36EF9A2D843C65002C130E /* Project object */;
			proxyType = 1;
			remoteGlobalIDString = 3A36EFA12D843C65002C130E;
			remoteInfo = "Code Nest";
		};
/* End PBXContainerItemProxy section */

/* Begin PBXFileReference section */
		3A36EFA22D843C65002C130E /* Code Nest.app */ = {isa = PBXFileReference; explicitFileType = wrapper.application; includeInIndex = 0; path = "Code Nest.app"; sourceTree = BUILT_PRODUCTS_DIR; };
		3A36EFB32D843C66002C130E /* Code NestTests.xctest */ = {isa = PBXFileReference; explicitFileType = wrapper.cfbundle; includeInIndex = 0; path = "Code NestTests.xctest"; sourceTree = BUILT_PRODUCTS_DIR; };
		3A36EFBD2D843C66002C130E /* Code NestUITests.xctest */ = {isa = PBXFileReference; explicitFileType = wrapper.cfbundle; includeInIndex = 0; path = "Code NestUITests.xctest"; sourceTree = BUILT_PRODUCTS_DIR; };
/* End PBXFileReference section */

/* Begin PBXFileSystemSynchronizedRootGroup section */
		3A36EFA42D843C65002C130E /* Code Nest */ = {
			isa = PBXFileSystemSynchronizedRootGroup;
			path = "Code Nest";
			sourceTree = "<group>";
		};
		3A36EFB62D843C66002C130E /* Code NestTests */ = {
			isa = PBXFileSystemSynchronizedRootGroup;
			path = "Code NestTests";
			sourceTree = "<group>";
		};
		3A36EFC02D843C66002C130E /* Code NestUITests */ = {
			isa = PBXFileSystemSynchronizedRootGroup;
			path = "Code NestUITests";
			sourceTree = "<group>";
		};
/* End PBXFileSystemSynchronizedRootGroup section */

/* Begin PBXFrameworksBuildPhase section */
		3A36EF9F2D843C65002C130E /* Frameworks */ = {
			isa = PBXFrameworksBuildPhase;
			buildActionMask = 2147483647;
			files = (
			);
			runOnlyForDeploymentPostprocessing = 0;
		};
		3A36EFB02D843C66002C130E /* Frameworks */ = {
			isa = PBXFrameworksBuildPhase;
			buildActionMask = 2147483647;
			files = (
			);
			runOnlyForDeploymentPostprocessing = 0;
		};
		3A36EFBA2D843C66002C130E /* Frameworks */ = {
			isa = PBXFrameworksBuildPhase;
			buildActionMask = 2147483647;
			files = (
			);
			runOnlyForDeploymentPostprocessing = 0;
		};
/* End PBXFrameworksBuildPhase section */

/* Begin PBXGroup section */
		3A36EF992D843C65002C130E = {
			isa = PBXGroup;
			children = (
				3A36EFA42D843C65002C130E /* Code Nest */,
				3A36EFB62D843C66002C130E /* Code NestTests */,
				3A36EFC02D843C66002C130E /* Code NestUITests */,
				3A36EFA32D843C65002C130E /* Products */,
			);
			sourceTree = "<group>";
		};
		3A36EFA32D843C65002C130E /* Products */ = {
			isa = PBXGroup;
			children = (
				3A36EFA22D843C65002C130E /* Code Nest.app */,
				3A36EFB32D843C66002C130E /* Code NestTests.xctest */,
				3A36EFBD2D843C66002C130E /* Code NestUITests.xctest */,
			);
			name = Products;
			sourceTree = "<group>";
		};
/* End PBXGroup section */

/* Begin PBXNativeTarget section */
		3A36EFA12D843C65002C130E /* Code Nest */ = {
			isa = PBXNativeTarget;
			buildConfigurationList = 3A36EFC72D843C66002C130E /* Build configuration list for PBXNativeTarget "Code Nest" */;
			buildPhases = (
				3A36EF9E2D843C65002C130E /* Sources */,
				3A36EF9F2D843C65002C130E /* Frameworks */,
				3A36EFA02D843C65002C130E /* Resources */,
			);
			buildRules = (
			);
			dependencies = (
			);
			fileSystemSynchronizedGroups = (
				3A36EFA42D843C65002C130E /* Code Nest */,
			);
			name = "Code Nest";
			packageProductDependencies = (
			);
			productName = "Code Nest";
			productReference = 3A36EFA22D843C65002C130E /* Code Nest.app */;
			productType = "com.apple.product-type.application";
		};
		3A36EFB22D843C66002C130E /* Code NestTests */ = {
			isa = PBXNativeTarget;
			buildConfigurationList = 3A36EFCA2D843C66002C130E /* Build configuration list for PBXNativeTarget "Code NestTests" */;
			buildPhases = (
				3A36EFAF2D843C66002C130E /* Sources */,
				3A36EFB02D843C66002C130E /* Frameworks */,
				3A36EFB12D843C66002C130E /* Resources */,
			);
			buildRules = (
			);
			dependencies = (
				3A36EFB52D843C66002C130E /* PBXTargetDependency */,
			);
			fileSystemSynchronizedGroups = (
				3A36EFB62D843C66002C130E /* Code NestTests */,
			);
			name = "Code NestTests";
			packageProductDependencies = (
			);
			productName = "Code NestTests";
			productReference = 3A36EFB32D843C66002C130E /* Code NestTests.xctest */;
			productType = "com.apple.product-type.bundle.unit-test";
		};
		3A36EFBC2D843C66002C130E /* Code NestUITests */ = {
			isa = PBXNativeTarget;
			buildConfigurationList = 3A36EFCD2D843C66002C130E /* Build configuration list for PBXNativeTarget "Code NestUITests" */;
			buildPhases = (
				3A36EFB92D843C66002C130E /* Sources */,
				3A36EFBA2D843C66002C130E /* Frameworks */,
				3A36EFBB2D843C66002C130E /* Resources */,
			);
			buildRules = (
			);
			dependencies = (
				3A36EFBF2D843C66002C130E /* PBXTargetDependency */,
			);
			fileSystemSynchronizedGroups = (
				3A36EFC02D843C66002C130E /* Code NestUITests */,
			);
			name = "Code NestUITests";
			packageProductDependencies = (
			);
			productName = "Code NestUITests";
			productReference = 3A36EFBD2D843C66002C130E /* Code NestUITests.xctest */;
			productType = "com.apple.product-type.bundle.ui-testing";
		};
/* End PBXNativeTarget section */

/* Begin PBXProject section */
		3A36EF9A2D843C65002C130E /* Project object */ = {
			isa = PBXProject;
			attributes = {
				BuildIndependentTargetsInParallel = 1;
				LastSwiftUpdateCheck = 1620;
				LastUpgradeCheck = 1620;
				TargetAttributes = {
					3A36EFA12D843C65002C130E = {
						CreatedOnToolsVersion = 16.2;
					};
					3A36EFB22D843C66002C130E = {
						CreatedOnToolsVersion = 16.2;
						TestTargetID = 3A36EFA12D843C65002C130E;
					};
					3A36EFBC2D843C66002C130E = {
						CreatedOnToolsVersion = 16.2;
						TestTargetID = 3A36EFA12D843C65002C130E;
					};
				};
			};
			buildConfigurationList = 3A36EF9D2D843C65002C130E /* Build configuration list for PBXProject "Code Nest" */;
			developmentRegion = en;
			hasScannedForEncodings = 0;
			knownRegions = (
				en,
				Base,
			);
			mainGroup = 3A36EF992D843C65002C130E;
			minimizedProjectReferenceProxies = 1;
			preferredProjectObjectVersion = 77;
			productRefGroup = 3A36EFA32D843C65002C130E /* Products */;
			projectDirPath = "";
			projectRoot = "";
			targets = (
				3A36EFA12D843C65002C130E /* Code Nest */,
				3A36EFB22D843C66002C130E /* Code NestTests */,
				3A36EFBC2D843C66002C130E /* Code NestUITests */,
			);
		};
/* End PBXProject section */

/* Begin PBXResourcesBuildPhase section */
		3A36EFA02D843C65002C130E /* Resources */ = {
			isa = PBXResourcesBuildPhase;
			buildActionMask = 2147483647;
			files = (
			);
			runOnlyForDeploymentPostprocessing = 0;
		};
		3A36EFB12D843C66002C130E /* Resources */ = {
			isa = PBXResourcesBuildPhase;
			buildActionMask = 2147483647;
			files = (
			);
			runOnlyForDeploymentPostprocessing = 0;
		};
		3A36EFBB2D843C66002C130E /* Resources */ = {
			isa = PBXResourcesBuildPhase;
			buildActionMask = 2147483647;
			files = (
			);
			runOnlyForDeploymentPostprocessing = 0;
		};
/* End PBXResourcesBuildPhase section */

/* Begin PBXSourcesBuildPhase section */
		3A36EF9E2D843C65002C130E /* Sources */ = {
			isa = PBXSourcesBuildPhase;
			buildActionMask = 2147483647;
			files = (
			);
			runOnlyForDeploymentPostprocessing = 0;
		};
		3A36EFAF2D843C66002C130E /* Sources */ = {
			isa = PBXSourcesBuildPhase;
			buildActionMask = 2147483647;
			files = (
			);
			runOnlyForDeploymentPostprocessing = 0;
		};
		3A36EFB92D843C66002C130E /* Sources */ = {
			isa = PBXSourcesBuildPhase;
			buildActionMask = 2147483647;
			files = (
			);
			runOnlyForDeploymentPostprocessing = 0;
		};
/* End PBXSourcesBuildPhase section */

/* Begin PBXTargetDependency section */
		3A36EFB52D843C66002C130E /* PBXTargetDependency */ = {
			isa = PBXTargetDependency;
			target = 3A36EFA12D843C65002C130E /* Code Nest */;
			targetProxy = 3A36EFB42D843C66002C130E /* PBXContainerItemProxy */;
		};
		3A36EFBF2D843C66002C130E /* PBXTargetDependency */ = {
			isa = PBXTargetDependency;
			target = 3A36EFA12D843C65002C130E /* Code Nest */;
			targetProxy = 3A36EFBE2D843C66002C130E /* PBXContainerItemProxy */;
		};
/* End PBXTargetDependency section */

/* Begin XCBuildConfiguration section */
		3A36EFC52D843C66002C130E /* Debug */ = {
			isa = XCBuildConfiguration;
			buildSettings = {
				ALWAYS_SEARCH_USER_PATHS = NO;
				ASSETCATALOG_COMPILER_GENERATE_SWIFT_ASSET_SYMBOL_EXTENSIONS = YES;
				CLANG_ANALYZER_NONNULL = YES;
				CLANG_ANALYZER_NUMBER_OBJECT_CONVERSION = YES_AGGRESSIVE;
				CLANG_CXX_LANGUAGE_STANDARD = "gnu++20";
				CLANG_ENABLE_MODULES = YES;
				CLANG_ENABLE_OBJC_ARC = YES;
				CLANG_ENABLE_OBJC_WEAK = YES;
				CLANG_WARN_BLOCK_CAPTURE_AUTORELEASING = YES;
				CLANG_WARN_BOOL_CONVERSION = YES;
				CLANG_WARN_COMMA = YES;
				CLANG_WARN_CONSTANT_CONVERSION = YES;
				CLANG_WARN_DEPRECATED_OBJC_IMPLEMENTATIONS = YES;
				CLANG_WARN_DIRECT_OBJC_ISA_USAGE = YES_ERROR;
				CLANG_WARN_DOCUMENTATION_COMMENTS = YES;
				CLANG_WARN_EMPTY_BODY = YES;
				CLANG_WARN_ENUM_CONVERSION = YES;
				CLANG_WARN_INFINITE_RECURSION = YES;
				CLANG_WARN_INT_CONVERSION = YES;
				CLANG_WARN_NON_LITERAL_NULL_CONVERSION = YES;
				CLANG_WARN_OBJC_IMPLICIT_RETAIN_SELF = YES;
				CLANG_WARN_OBJC_LITERAL_CONVERSION = YES;
				CLANG_WARN_OBJC_ROOT_CLASS = YES_ERROR;
				CLANG_WARN_QUOTED_INCLUDE_IN_FRAMEWORK_HEADER = YES;
				CLANG_WARN_RANGE_LOOP_ANALYSIS = YES;
				CLANG_WARN_STRICT_PROTOTYPES = YES;
				CLANG_WARN_SUSPICIOUS_MOVE = YES;
				CLANG_WARN_UNGUARDED_AVAILABILITY = YES_AGGRESSIVE;
				CLANG_WARN_UNREACHABLE_CODE = YES;
				CLANG_WARN__DUPLICATE_METHOD_MATCH = YES;
				COPY_PHASE_STRIP = NO;
				DEBUG_INFORMATION_FORMAT = dwarf;
				ENABLE_STRICT_OBJC_MSGSEND = YES;
				ENABLE_TESTABILITY = YES;
				ENABLE_USER_SCRIPT_SANDBOXING = YES;
				GCC_C_LANGUAGE_STANDARD = gnu17;
				GCC_DYNAMIC_NO_PIC = NO;
				GCC_NO_COMMON_BLOCKS = YES;
				GCC_OPTIMIZATION_LEVEL = 0;
				GCC_PREPROCESSOR_DEFINITIONS = (
					"DEBUG=1",
					"$(inherited)",
				);
				GCC_WARN_64_TO_32_BIT_CONVERSION = YES;
				GCC_WARN_ABOUT_RETURN_TYPE = YES_ERROR;
				GCC_WARN_UNDECLARED_SELECTOR = YES;
				GCC_WARN_UNINITIALIZED_AUTOS = YES_AGGRESSIVE;
				GCC_WARN_UNUSED_FUNCTION = YES;
				GCC_WARN_UNUSED_VARIABLE = YES;
				LOCALIZATION_PREFERS_STRING_CATALOGS = YES;
				MACOSX_DEPLOYMENT_TARGET = 15.2;
				MTL_ENABLE_DEBUG_INFO = INCLUDE_SOURCE;
				MTL_FAST_MATH = YES;
				ONLY_ACTIVE_ARCH = YES;
				SDKROOT = macosx;
				SWIFT_ACTIVE_COMPILATION_CONDITIONS = "DEBUG $(inherited)";
				SWIFT_OPTIMIZATION_LEVEL = "-Onone";
			};
			name = Debug;
		};
		3A36EFC62D843C66002C130E /* Release */ = {
			isa = XCBuildConfiguration;
			buildSettings = {
				ALWAYS_SEARCH_USER_PATHS = NO;
				ASSETCATALOG_COMPILER_GENERATE_SWIFT_ASSET_SYMBOL_EXTENSIONS = YES;
				CLANG_ANALYZER_NONNULL = YES;
				CLANG_ANALYZER_NUMBER_OBJECT_CONVERSION = YES_AGGRESSIVE;
				CLANG_CXX_LANGUAGE_STANDARD = "gnu++20";
				CLANG_ENABLE_MODULES = YES;
				CLANG_ENABLE_OBJC_ARC = YES;
				CLANG_ENABLE_OBJC_WEAK = YES;
				CLANG_WARN_BLOCK_CAPTURE_AUTORELEASING = YES;
				CLANG_WARN_BOOL_CONVERSION = YES;
				CLANG_WARN_COMMA = YES;
				CLANG_WARN_CONSTANT_CONVERSION = YES;
				CLANG_WARN_DEPRECATED_OBJC_IMPLEMENTATIONS = YES;
				CLANG_WARN_DIRECT_OBJC_ISA_USAGE = YES_ERROR;
				CLANG_WARN_DOCUMENTATION_COMMENTS = YES;
				CLANG_WARN_EMPTY_BODY = YES;
				CLANG_WARN_ENUM_CONVERSION = YES;
				CLANG_WARN_INFINITE_RECURSION = YES;
				CLANG_WARN_INT_CONVERSION = YES;
				CLANG_WARN_NON_LITERAL_NULL_CONVERSION = YES;
				CLANG_WARN_OBJC_IMPLICIT_RETAIN_SELF = YES;
				CLANG_WARN_OBJC_LITERAL_CONVERSION = YES;
				CLANG_WARN_OBJC_ROOT_CLASS = YES_ERROR;
				CLANG_WARN_QUOTED_INCLUDE_IN_FRAMEWORK_HEADER = YES;
				CLANG_WARN_RANGE_LOOP_ANALYSIS = YES;
				CLANG_WARN_STRICT_PROTOTYPES = YES;
				CLANG_WARN_SUSPICIOUS_MOVE = YES;
				CLANG_WARN_UNGUARDED_AVAILABILITY = YES_AGGRESSIVE;
				CLANG_WARN_UNREACHABLE_CODE = YES;
				CLANG_WARN__DUPLICATE_METHOD_MATCH = YES;
				COPY_PHASE_STRIP = NO;
				DEBUG_INFORMATION_FORMAT = "dwarf-with-dsym";
				ENABLE_NS_ASSERTIONS = NO;
				ENABLE_STRICT_OBJC_MSGSEND = YES;
				ENABLE_USER_SCRIPT_SANDBOXING = YES;
				GCC_C_LANGUAGE_STANDARD = gnu17;
				GCC_NO_COMMON_BLOCKS = YES;
				GCC_WARN_64_TO_32_BIT_CONVERSION = YES;
				GCC_WARN_ABOUT_RETURN_TYPE = YES_ERROR;
				GCC_WARN_UNDECLARED_SELECTOR = YES;
				GCC_WARN_UNINITIALIZED_AUTOS = YES_AGGRESSIVE;
				GCC_WARN_UNUSED_FUNCTION = YES;
				GCC_WARN_UNUSED_VARIABLE = YES;
				LOCALIZATION_PREFERS_STRING_CATALOGS = YES;
				MACOSX_DEPLOYMENT_TARGET = 15.2;
				MTL_ENABLE_DEBUG_INFO = NO;
				MTL_FAST_MATH = YES;
				SDKROOT = macosx;
				SWIFT_COMPILATION_MODE = wholemodule;
			};
			name = Release;
		};
		3A36EFC82D843C66002C130E /* Debug */ = {
			isa = XCBuildConfiguration;
			buildSettings = {
				ASSETCATALOG_COMPILER_APPICON_NAME = AppIcon;
				ASSETCATALOG_COMPILER_GLOBAL_ACCENT_COLOR_NAME = AccentColor;
				CODE_SIGN_ENTITLEMENTS = "Code Nest/Code_Nest.entitlements";
				CODE_SIGN_STYLE = Automatic;
				COMBINE_HIDPI_IMAGES = YES;
				CURRENT_PROJECT_VERSION = 1;
				DEVELOPMENT_ASSET_PATHS = "\"Code Nest/Preview Content\"";
				DEVELOPMENT_TEAM = SU9DQBS669;
				ENABLE_HARDENED_RUNTIME = YES;
				ENABLE_PREVIEWS = YES;
				GENERATE_INFOPLIST_FILE = YES;
				INFOPLIST_FILE = "Code-Nest-Info.plist";
				INFOPLIST_KEY_NSHumanReadableCopyright = "";
				LD_RUNPATH_SEARCH_PATHS = (
					"$(inherited)",
					"@executable_path/../Frameworks",
				);
				MARKETING_VERSION = 1.0;
				PRODUCT_BUNDLE_IDENTIFIER = "com.adrian.Code-Nest";
				PRODUCT_NAME = "$(TARGET_NAME)";
				SWIFT_EMIT_LOC_STRINGS = YES;
				SWIFT_VERSION = 5.0;
			};
			name = Debug;
		};
		3A36EFC92D843C66002C130E /* Release */ = {
			isa = XCBuildConfiguration;
			buildSettings = {
				ASSETCATALOG_COMPILER_APPICON_NAME = AppIcon;
				ASSETCATALOG_COMPILER_GLOBAL_ACCENT_COLOR_NAME = AccentColor;
				CODE_SIGN_ENTITLEMENTS = "Code Nest/Code_Nest.entitlements";
				CODE_SIGN_STYLE = Automatic;
				COMBINE_HIDPI_IMAGES = YES;
				CURRENT_PROJECT_VERSION = 1;
				DEVELOPMENT_ASSET_PATHS = "\"Code Nest/Preview Content\"";
				DEVELOPMENT_TEAM = SU9DQBS669;
				ENABLE_HARDENED_RUNTIME = YES;
				ENABLE_PREVIEWS = YES;
				GENERATE_INFOPLIST_FILE = YES;
				INFOPLIST_FILE = "Code-Nest-Info.plist";
				INFOPLIST_KEY_NSHumanReadableCopyright = "";
				LD_RUNPATH_SEARCH_PATHS = (
					"$(inherited)",
					"@executable_path/../Frameworks",
				);
				MARKETING_VERSION = 1.0;
				PRODUCT_BUNDLE_IDENTIFIER = "com.adrian.Code-Nest";
				PRODUCT_NAME = "$(TARGET_NAME)";
				SWIFT_EMIT_LOC_STRINGS = YES;
				SWIFT_VERSION = 5.0;
			};
			name = Release;
		};
		3A36EFCB2D843C66002C130E /* Debug */ = {
			isa = XCBuildConfiguration;
			buildSettings = {
				BUNDLE_LOADER = "$(TEST_HOST)";
				CODE_SIGN_STYLE = Automatic;
				CURRENT_PROJECT_VERSION = 1;
				DEVELOPMENT_TEAM = SU9DQBS669;
				GENERATE_INFOPLIST_FILE = YES;
				MACOSX_DEPLOYMENT_TARGET = 15.2;
				MARKETING_VERSION = 1.0;
				PRODUCT_BUNDLE_IDENTIFIER = "com.adrian.Code-NestTests";
				PRODUCT_NAME = "$(TARGET_NAME)";
				SWIFT_EMIT_LOC_STRINGS = NO;
				SWIFT_VERSION = 5.0;
				TEST_HOST = "$(BUILT_PRODUCTS_DIR)/Code Nest.app/$(BUNDLE_EXECUTABLE_FOLDER_PATH)/Code Nest";
			};
			name = Debug;
		};
		3A36EFCC2D843C66002C130E /* Release */ = {
			isa = XCBuildConfiguration;
			buildSettings = {
				BUNDLE_LOADER = "$(TEST_HOST)";
				CODE_SIGN_STYLE = Automatic;
				CURRENT_PROJECT_VERSION = 1;
				DEVELOPMENT_TEAM = SU9DQBS669;
				GENERATE_INFOPLIST_FILE = YES;
				MACOSX_DEPLOYMENT_TARGET = 15.2;
				MARKETING_VERSION = 1.0;
				PRODUCT_BUNDLE_IDENTIFIER = "com.adrian.Code-NestTests";
				PRODUCT_NAME = "$(TARGET_NAME)";
				SWIFT_EMIT_LOC_STRINGS = NO;
				SWIFT_VERSION = 5.0;
				TEST_HOST = "$(BUILT_PRODUCTS_DIR)/Code Nest.app/$(BUNDLE_EXECUTABLE_FOLDER_PATH)/Code Nest";
			};
			name = Release;
		};
		3A36EFCE2D843C66002C130E /* Debug */ = {
			isa = XCBuildConfiguration;
			buildSettings = {
				CODE_SIGN_STYLE = Automatic;
				CURRENT_PROJECT_VERSION = 1;
				DEVELOPMENT_TEAM = SU9DQBS669;
				GENERATE_INFOPLIST_FILE = YES;
				MARKETING_VERSION = 1.0;
				PRODUCT_BUNDLE_IDENTIFIER = "com.adrian.Code-NestUITests";
				PRODUCT_NAME = "$(TARGET_NAME)";
				SWIFT_EMIT_LOC_STRINGS = NO;
				SWIFT_VERSION = 5.0;
				TEST_TARGET_NAME = "Code Nest";
			};
			name = Debug;
		};
		3A36EFCF2D843C66002C130E /* Release */ = {
			isa = XCBuildConfiguration;
			buildSettings = {
				CODE_SIGN_STYLE = Automatic;
				CURRENT_PROJECT_VERSION = 1;
				DEVELOPMENT_TEAM = SU9DQBS669;
				GENERATE_INFOPLIST_FILE = YES;
				MARKETING_VERSION = 1.0;
				PRODUCT_BUNDLE_IDENTIFIER = "com.adrian.Code-NestUITests";
				PRODUCT_NAME = "$(TARGET_NAME)";
				SWIFT_EMIT_LOC_STRINGS = NO;
				SWIFT_VERSION = 5.0;
				TEST_TARGET_NAME = "Code Nest";
			};
			name = Release;
		};
/* End XCBuildConfiguration section */

/* Begin XCConfigurationList section */
		3A36EF9D2D843C65002C130E /* Build configuration list for PBXProject "Code Nest" */ = {
			isa = XCConfigurationList;
			buildConfigurations = (
				3A36EFC52D843C66002C130E /* Debug */,
				3A36EFC62D843C66002C130E /* Release */,
			);
			defaultConfigurationIsVisible = 0;
			defaultConfigurationName = Release;
		};
		3A36EFC72D843C66002C130E /* Build configuration list for PBXNativeTarget "Code Nest" */ = {
			isa = XCConfigurationList;
			buildConfigurations = (
				3A36EFC82D843C66002C130E /* Debug */,
				3A36EFC92D843C66002C130E /* Release */,
			);
			defaultConfigurationIsVisible = 0;
			defaultConfigurationName = Release;
		};
		3A36EFCA2D843C66002C130E /* Build configuration list for PBXNativeTarget "Code NestTests" */ = {
			isa = XCConfigurationList;
			buildConfigurations = (
				3A36EFCB2D843C66002C130E /* Debug */,
				3A36EFCC2D843C66002C130E /* Release */,
			);
			defaultConfigurationIsVisible = 0;
			defaultConfigurationName = Release;
		};
		3A36EFCD2D843C66002C130E /* Build configuration list for PBXNativeTarget "Code NestUITests" */ = {
			isa = XCConfigurationList;
			buildConfigurations = (
				3A36EFCE2D843C66002C130E /* Debug */,
				3A36EFCF2D843C66002C130E /* Release */,
			);
			defaultConfigurationIsVisible = 0;
			defaultConfigurationName = Release;
		};
/* End XCConfigurationList section */
	};
	rootObject = 3A36EF9A2D843C65002C130E /* Project object */;
}
